// !$*UTF8*$!
{
	archiveVersion = 1;
	classes = {
	};
	objectVersion = 55;
	objects = {

/* Begin PBXBuildFile section */
		C7CDF9302700119A0086063D /* CryptoAppApp.swift in Sources */ = {isa = PBXBuildFile; fileRef = C7CDF92F2700119A0086063D /* CryptoAppApp.swift */; };
		C7CDF9322700119A0086063D /* ContentView.swift in Sources */ = {isa = PBXBuildFile; fileRef = C7CDF9312700119A0086063D /* ContentView.swift */; };
		C7CDF9342700119D0086063D /* Assets.xcassets in Resources */ = {isa = PBXBuildFile; fileRef = C7CDF9332700119D0086063D /* Assets.xcassets */; };
		C7CDF9372700119D0086063D /* Preview Assets.xcassets in Resources */ = {isa = PBXBuildFile; fileRef = C7CDF9362700119D0086063D /* Preview Assets.xcassets */; };
		C7CDF93F270021590086063D /* Color.swift in Sources */ = {isa = PBXBuildFile; fileRef = C7CDF93E270021590086063D /* Color.swift */; };
		C7CDF945270024D80086063D /* Themes.swift in Sources */ = {isa = PBXBuildFile; fileRef = C7CDF944270024D80086063D /* Themes.swift */; };
		C7CDF94B27002CC70086063D /* HomeView.swift in Sources */ = {isa = PBXBuildFile; fileRef = C7CDF94A27002CC70086063D /* HomeView.swift */; };
		C7CDF94E27002FD00086063D /* CircleButton.swift in Sources */ = {isa = PBXBuildFile; fileRef = C7CDF94D27002FD00086063D /* CircleButton.swift */; };
		C7CDF950270033850086063D /* CircleButtonAnimation.swift in Sources */ = {isa = PBXBuildFile; fileRef = C7CDF94F270033850086063D /* CircleButtonAnimation.swift */; };
		C7CDF9522700367C0086063D /* HomeHeader.swift in Sources */ = {isa = PBXBuildFile; fileRef = C7CDF9512700367C0086063D /* HomeHeader.swift */; };
		C7CDF9562700F4E20086063D /* Coin.swift in Sources */ = {isa = PBXBuildFile; fileRef = C7CDF9552700F4E20086063D /* Coin.swift */; };
		C7CDF958270110E60086063D /* CoinRowView.swift in Sources */ = {isa = PBXBuildFile; fileRef = C7CDF957270110E60086063D /* CoinRowView.swift */; };
		C7CDF95A2701120E0086063D /* PreviewProvider.swift in Sources */ = {isa = PBXBuildFile; fileRef = C7CDF9592701120E0086063D /* PreviewProvider.swift */; };
		C7CDF95C270118050086063D /* Double.swift in Sources */ = {isa = PBXBuildFile; fileRef = C7CDF95B270118050086063D /* Double.swift */; };
		C7CDF95F2701244B0086063D /* CoinRowLeftColumn.swift in Sources */ = {isa = PBXBuildFile; fileRef = C7CDF95E2701244B0086063D /* CoinRowLeftColumn.swift */; };
		C7CDF9612701245B0086063D /* CoinRowCenterColumn.swift in Sources */ = {isa = PBXBuildFile; fileRef = C7CDF9602701245B0086063D /* CoinRowCenterColumn.swift */; };
		C7CDF9632701246A0086063D /* CoinRowRightColumn.swift in Sources */ = {isa = PBXBuildFile; fileRef = C7CDF9622701246A0086063D /* CoinRowRightColumn.swift */; };
		C7CDF9652701298C0086063D /* HomeViewModel.swift in Sources */ = {isa = PBXBuildFile; fileRef = C7CDF9642701298C0086063D /* HomeViewModel.swift */; };
		C7CDF96727012E150086063D /* AllCoinsList.swift in Sources */ = {isa = PBXBuildFile; fileRef = C7CDF96627012E150086063D /* AllCoinsList.swift */; };
		C7CDF96927012EE20086063D /* PortfolioCoinsList.swift in Sources */ = {isa = PBXBuildFile; fileRef = C7CDF96827012EE20086063D /* PortfolioCoinsList.swift */; };
		C7CDF96B270130A30086063D /* ListColumnHeaders.swift in Sources */ = {isa = PBXBuildFile; fileRef = C7CDF96A270130A30086063D /* ListColumnHeaders.swift */; };
		C7CDF96E270169290086063D /* CoinDataService.swift in Sources */ = {isa = PBXBuildFile; fileRef = C7CDF96D270169290086063D /* CoinDataService.swift */; };
		C7CDF971270172500086063D /* NetworkingManager.swift in Sources */ = {isa = PBXBuildFile; fileRef = C7CDF970270172500086063D /* NetworkingManager.swift */; };
		C7CDF973270179E20086063D /* CoinImage.swift in Sources */ = {isa = PBXBuildFile; fileRef = C7CDF972270179E20086063D /* CoinImage.swift */; };
		C7CDF97527017BC80086063D /* CoinImageDataService.swift in Sources */ = {isa = PBXBuildFile; fileRef = C7CDF97427017BC80086063D /* CoinImageDataService.swift */; };
		C7CDF97727017DAD0086063D /* CoinImageViewModel.swift in Sources */ = {isa = PBXBuildFile; fileRef = C7CDF97627017DAD0086063D /* CoinImageViewModel.swift */; };
		C7CDF979270189DB0086063D /* LocalFileManager.swift in Sources */ = {isa = PBXBuildFile; fileRef = C7CDF978270189DB0086063D /* LocalFileManager.swift */; };
		C7CDF97B2702BF990086063D /* SearchBarView.swift in Sources */ = {isa = PBXBuildFile; fileRef = C7CDF97A2702BF990086063D /* SearchBarView.swift */; };
		C7CDF97D2702C5150086063D /* UIApplication.swift in Sources */ = {isa = PBXBuildFile; fileRef = C7CDF97C2702C5150086063D /* UIApplication.swift */; };
		C7CDF9802702D66D0086063D /* Statistics.swift in Sources */ = {isa = PBXBuildFile; fileRef = C7CDF97F2702D66D0086063D /* Statistics.swift */; };
		C7CDF9822702D7D50086063D /* StatisticView.swift in Sources */ = {isa = PBXBuildFile; fileRef = C7CDF9812702D7D50086063D /* StatisticView.swift */; };
		C7CDF9842702DAE60086063D /* HomeStatsView.swift in Sources */ = {isa = PBXBuildFile; fileRef = C7CDF9832702DAE60086063D /* HomeStatsView.swift */; };
		C7CDF9862704006E0086063D /* MarketData.swift in Sources */ = {isa = PBXBuildFile; fileRef = C7CDF9852704006E0086063D /* MarketData.swift */; };
		C7CDF988270404940086063D /* MarketDataService.swift in Sources */ = {isa = PBXBuildFile; fileRef = C7CDF987270404940086063D /* MarketDataService.swift */; };
/* End PBXBuildFile section */

/* Begin PBXFileReference section */
		C7CDF92C2700119A0086063D /* Crypto Tracker.app */ = {isa = PBXFileReference; explicitFileType = wrapper.application; includeInIndex = 0; path = "Crypto Tracker.app"; sourceTree = BUILT_PRODUCTS_DIR; };
		C7CDF92F2700119A0086063D /* CryptoAppApp.swift */ = {isa = PBXFileReference; lastKnownFileType = sourcecode.swift; path = CryptoAppApp.swift; sourceTree = "<group>"; };
		C7CDF9312700119A0086063D /* ContentView.swift */ = {isa = PBXFileReference; lastKnownFileType = sourcecode.swift; path = ContentView.swift; sourceTree = "<group>"; };
		C7CDF9332700119D0086063D /* Assets.xcassets */ = {isa = PBXFileReference; lastKnownFileType = folder.assetcatalog; path = Assets.xcassets; sourceTree = "<group>"; };
		C7CDF9362700119D0086063D /* Preview Assets.xcassets */ = {isa = PBXFileReference; lastKnownFileType = folder.assetcatalog; path = "Preview Assets.xcassets"; sourceTree = "<group>"; };
		C7CDF93E270021590086063D /* Color.swift */ = {isa = PBXFileReference; lastKnownFileType = sourcecode.swift; path = Color.swift; sourceTree = "<group>"; };
		C7CDF944270024D80086063D /* Themes.swift */ = {isa = PBXFileReference; lastKnownFileType = sourcecode.swift; path = Themes.swift; sourceTree = "<group>"; };
		C7CDF94A27002CC70086063D /* HomeView.swift */ = {isa = PBXFileReference; lastKnownFileType = sourcecode.swift; path = HomeView.swift; sourceTree = "<group>"; };
		C7CDF94D27002FD00086063D /* CircleButton.swift */ = {isa = PBXFileReference; lastKnownFileType = sourcecode.swift; path = CircleButton.swift; sourceTree = "<group>"; };
		C7CDF94F270033850086063D /* CircleButtonAnimation.swift */ = {isa = PBXFileReference; lastKnownFileType = sourcecode.swift; path = CircleButtonAnimation.swift; sourceTree = "<group>"; };
		C7CDF9512700367C0086063D /* HomeHeader.swift */ = {isa = PBXFileReference; lastKnownFileType = sourcecode.swift; path = HomeHeader.swift; sourceTree = "<group>"; };
		C7CDF9552700F4E20086063D /* Coin.swift */ = {isa = PBXFileReference; lastKnownFileType = sourcecode.swift; name = Coin.swift; path = ../../../../../../Documents/Coin.swift; sourceTree = "<group>"; };
		C7CDF957270110E60086063D /* CoinRowView.swift */ = {isa = PBXFileReference; lastKnownFileType = sourcecode.swift; path = CoinRowView.swift; sourceTree = "<group>"; };
		C7CDF9592701120E0086063D /* PreviewProvider.swift */ = {isa = PBXFileReference; lastKnownFileType = sourcecode.swift; path = PreviewProvider.swift; sourceTree = "<group>"; };
		C7CDF95B270118050086063D /* Double.swift */ = {isa = PBXFileReference; lastKnownFileType = sourcecode.swift; path = Double.swift; sourceTree = "<group>"; };
		C7CDF95E2701244B0086063D /* CoinRowLeftColumn.swift */ = {isa = PBXFileReference; lastKnownFileType = sourcecode.swift; path = CoinRowLeftColumn.swift; sourceTree = "<group>"; };
		C7CDF9602701245B0086063D /* CoinRowCenterColumn.swift */ = {isa = PBXFileReference; lastKnownFileType = sourcecode.swift; path = CoinRowCenterColumn.swift; sourceTree = "<group>"; };
		C7CDF9622701246A0086063D /* CoinRowRightColumn.swift */ = {isa = PBXFileReference; lastKnownFileType = sourcecode.swift; path = CoinRowRightColumn.swift; sourceTree = "<group>"; };
		C7CDF9642701298C0086063D /* HomeViewModel.swift */ = {isa = PBXFileReference; lastKnownFileType = sourcecode.swift; path = HomeViewModel.swift; sourceTree = "<group>"; };
		C7CDF96627012E150086063D /* AllCoinsList.swift */ = {isa = PBXFileReference; lastKnownFileType = sourcecode.swift; path = AllCoinsList.swift; sourceTree = "<group>"; };
		C7CDF96827012EE20086063D /* PortfolioCoinsList.swift */ = {isa = PBXFileReference; lastKnownFileType = sourcecode.swift; path = PortfolioCoinsList.swift; sourceTree = "<group>"; };
		C7CDF96A270130A30086063D /* ListColumnHeaders.swift */ = {isa = PBXFileReference; lastKnownFileType = sourcecode.swift; path = ListColumnHeaders.swift; sourceTree = "<group>"; };
		C7CDF96D270169290086063D /* CoinDataService.swift */ = {isa = PBXFileReference; lastKnownFileType = sourcecode.swift; path = CoinDataService.swift; sourceTree = "<group>"; };
		C7CDF970270172500086063D /* NetworkingManager.swift */ = {isa = PBXFileReference; lastKnownFileType = sourcecode.swift; path = NetworkingManager.swift; sourceTree = "<group>"; };
		C7CDF972270179E20086063D /* CoinImage.swift */ = {isa = PBXFileReference; lastKnownFileType = sourcecode.swift; path = CoinImage.swift; sourceTree = "<group>"; };
		C7CDF97427017BC80086063D /* CoinImageDataService.swift */ = {isa = PBXFileReference; lastKnownFileType = sourcecode.swift; path = CoinImageDataService.swift; sourceTree = "<group>"; };
		C7CDF97627017DAD0086063D /* CoinImageViewModel.swift */ = {isa = PBXFileReference; lastKnownFileType = sourcecode.swift; path = CoinImageViewModel.swift; sourceTree = "<group>"; };
		C7CDF978270189DB0086063D /* LocalFileManager.swift */ = {isa = PBXFileReference; lastKnownFileType = sourcecode.swift; path = LocalFileManager.swift; sourceTree = "<group>"; };
		C7CDF97A2702BF990086063D /* SearchBarView.swift */ = {isa = PBXFileReference; lastKnownFileType = sourcecode.swift; path = SearchBarView.swift; sourceTree = "<group>"; };
		C7CDF97C2702C5150086063D /* UIApplication.swift */ = {isa = PBXFileReference; lastKnownFileType = sourcecode.swift; path = UIApplication.swift; sourceTree = "<group>"; };
		C7CDF97F2702D66D0086063D /* Statistics.swift */ = {isa = PBXFileReference; lastKnownFileType = sourcecode.swift; path = Statistics.swift; sourceTree = "<group>"; };
		C7CDF9812702D7D50086063D /* StatisticView.swift */ = {isa = PBXFileReference; lastKnownFileType = sourcecode.swift; path = StatisticView.swift; sourceTree = "<group>"; };
		C7CDF9832702DAE60086063D /* HomeStatsView.swift */ = {isa = PBXFileReference; lastKnownFileType = sourcecode.swift; path = HomeStatsView.swift; sourceTree = "<group>"; };
		C7CDF9852704006E0086063D /* MarketData.swift */ = {isa = PBXFileReference; lastKnownFileType = sourcecode.swift; path = MarketData.swift; sourceTree = "<group>"; };
		C7CDF987270404940086063D /* MarketDataService.swift */ = {isa = PBXFileReference; lastKnownFileType = sourcecode.swift; path = MarketDataService.swift; sourceTree = "<group>"; };
/* End PBXFileReference section */

/* Begin PBXFrameworksBuildPhase section */
		C7CDF9292700119A0086063D /* Frameworks */ = {
			isa = PBXFrameworksBuildPhase;
			buildActionMask = 2147483647;
			files = (
			);
			runOnlyForDeploymentPostprocessing = 0;
		};
/* End PBXFrameworksBuildPhase section */

/* Begin PBXGroup section */
		C7CDF9232700119A0086063D = {
			isa = PBXGroup;
			children = (
				C7CDF92E2700119A0086063D /* CryptoApp */,
				C7CDF92D2700119A0086063D /* Products */,
			);
			sourceTree = "<group>";
		};
		C7CDF92D2700119A0086063D /* Products */ = {
			isa = PBXGroup;
			children = (
				C7CDF92C2700119A0086063D /* Crypto Tracker.app */,
			);
			name = Products;
			sourceTree = "<group>";
		};
		C7CDF92E2700119A0086063D /* CryptoApp */ = {
			isa = PBXGroup;
			children = (
				C7CDF96F270172270086063D /* Utilities */,
				C7CDF96C270169030086063D /* Services */,
				C7CDF9532700F4AA0086063D /* Core */,
				C7CDF943270024BB0086063D /* TestViews */,
				C7CDF93D2700213D0086063D /* Extensions */,
				C7CDF94627002A8B0086063D /* Presentation */,
				C7CDF92F2700119A0086063D /* CryptoAppApp.swift */,
				C7CDF9312700119A0086063D /* ContentView.swift */,
				C7CDF9332700119D0086063D /* Assets.xcassets */,
				C7CDF9352700119D0086063D /* Preview Content */,
			);
			path = CryptoApp;
			sourceTree = "<group>";
		};
		C7CDF9352700119D0086063D /* Preview Content */ = {
			isa = PBXGroup;
			children = (
				C7CDF9362700119D0086063D /* Preview Assets.xcassets */,
			);
			path = "Preview Content";
			sourceTree = "<group>";
		};
		C7CDF93D2700213D0086063D /* Extensions */ = {
			isa = PBXGroup;
			children = (
				C7CDF93E270021590086063D /* Color.swift */,
				C7CDF9592701120E0086063D /* PreviewProvider.swift */,
				C7CDF95B270118050086063D /* Double.swift */,
				C7CDF97C2702C5150086063D /* UIApplication.swift */,
			);
			path = Extensions;
			sourceTree = "<group>";
		};
		C7CDF943270024BB0086063D /* TestViews */ = {
			isa = PBXGroup;
			children = (
				C7CDF944270024D80086063D /* Themes.swift */,
			);
			path = TestViews;
			sourceTree = "<group>";
		};
		C7CDF94627002A8B0086063D /* Presentation */ = {
			isa = PBXGroup;
			children = (
				C7CDF94C27002FAD0086063D /* Components */,
				C7CDF94727002AA00086063D /* Home */,
			);
			path = Presentation;
			sourceTree = "<group>";
		};
		C7CDF94727002AA00086063D /* Home */ = {
			isa = PBXGroup;
			children = (
				C7CDF94927002AC80086063D /* Views */,
				C7CDF94827002ABD0086063D /* ViewModels */,
			);
			path = Home;
			sourceTree = "<group>";
		};
		C7CDF94827002ABD0086063D /* ViewModels */ = {
			isa = PBXGroup;
			children = (
				C7CDF9642701298C0086063D /* HomeViewModel.swift */,
			);
			path = ViewModels;
			sourceTree = "<group>";
		};
		C7CDF94927002AC80086063D /* Views */ = {
			isa = PBXGroup;
			children = (
				C7CDF95D2701241E0086063D /* CoinRow */,
				C7CDF94A27002CC70086063D /* HomeView.swift */,
				C7CDF9512700367C0086063D /* HomeHeader.swift */,
				C7CDF96627012E150086063D /* AllCoinsList.swift */,
				C7CDF96827012EE20086063D /* PortfolioCoinsList.swift */,
				C7CDF96A270130A30086063D /* ListColumnHeaders.swift */,
				C7CDF9832702DAE60086063D /* HomeStatsView.swift */,
			);
			path = Views;
			sourceTree = "<group>";
		};
		C7CDF94C27002FAD0086063D /* Components */ = {
			isa = PBXGroup;
			children = (
				C7CDF94D27002FD00086063D /* CircleButton.swift */,
				C7CDF94F270033850086063D /* CircleButtonAnimation.swift */,
				C7CDF972270179E20086063D /* CoinImage.swift */,
				C7CDF97627017DAD0086063D /* CoinImageViewModel.swift */,
				C7CDF97A2702BF990086063D /* SearchBarView.swift */,
				C7CDF9812702D7D50086063D /* StatisticView.swift */,
			);
			path = Components;
			sourceTree = "<group>";
		};
		C7CDF9532700F4AA0086063D /* Core */ = {
			isa = PBXGroup;
			children = (
				C7CDF97E2702D6320086063D /* Statistics */,
				C7CDF9542700F4BA0086063D /* Coins */,
				C7CDF9852704006E0086063D /* MarketData.swift */,
			);
			path = Core;
			sourceTree = "<group>";
		};
		C7CDF9542700F4BA0086063D /* Coins */ = {
			isa = PBXGroup;
			children = (
				C7CDF9552700F4E20086063D /* Coin.swift */,
			);
			path = Coins;
			sourceTree = "<group>";
		};
		C7CDF95D2701241E0086063D /* CoinRow */ = {
			isa = PBXGroup;
			children = (
				C7CDF957270110E60086063D /* CoinRowView.swift */,
				C7CDF95E2701244B0086063D /* CoinRowLeftColumn.swift */,
				C7CDF9602701245B0086063D /* CoinRowCenterColumn.swift */,
				C7CDF9622701246A0086063D /* CoinRowRightColumn.swift */,
			);
			path = CoinRow;
			sourceTree = "<group>";
		};
		C7CDF96C270169030086063D /* Services */ = {
			isa = PBXGroup;
			children = (
				C7CDF96D270169290086063D /* CoinDataService.swift */,
				C7CDF97427017BC80086063D /* CoinImageDataService.swift */,
				C7CDF987270404940086063D /* MarketDataService.swift */,
			);
			path = Services;
			sourceTree = "<group>";
		};
		C7CDF96F270172270086063D /* Utilities */ = {
			isa = PBXGroup;
			children = (
				C7CDF970270172500086063D /* NetworkingManager.swift */,
				C7CDF978270189DB0086063D /* LocalFileManager.swift */,
			);
			path = Utilities;
			sourceTree = "<group>";
		};
		C7CDF97E2702D6320086063D /* Statistics */ = {
			isa = PBXGroup;
			children = (
				C7CDF97F2702D66D0086063D /* Statistics.swift */,
			);
			path = Statistics;
			sourceTree = "<group>";
		};
/* End PBXGroup section */

/* Begin PBXNativeTarget section */
		C7CDF92B2700119A0086063D /* CryptoApp */ = {
			isa = PBXNativeTarget;
			buildConfigurationList = C7CDF93A2700119D0086063D /* Build configuration list for PBXNativeTarget "CryptoApp" */;
			buildPhases = (
				C7CDF9282700119A0086063D /* Sources */,
				C7CDF9292700119A0086063D /* Frameworks */,
				C7CDF92A2700119A0086063D /* Resources */,
			);
			buildRules = (
			);
			dependencies = (
			);
			name = CryptoApp;
			productName = CryptoApp;
			productReference = C7CDF92C2700119A0086063D /* Crypto Tracker.app */;
			productType = "com.apple.product-type.application";
		};
/* End PBXNativeTarget section */

/* Begin PBXProject section */
		C7CDF9242700119A0086063D /* Project object */ = {
			isa = PBXProject;
			attributes = {
				BuildIndependentTargetsInParallel = 1;
				LastSwiftUpdateCheck = 1300;
				LastUpgradeCheck = 1300;
				TargetAttributes = {
					C7CDF92B2700119A0086063D = {
						CreatedOnToolsVersion = 13.0;
					};
				};
			};
			buildConfigurationList = C7CDF9272700119A0086063D /* Build configuration list for PBXProject "CryptoApp" */;
			compatibilityVersion = "Xcode 13.0";
			developmentRegion = en;
			hasScannedForEncodings = 0;
			knownRegions = (
				en,
				Base,
			);
			mainGroup = C7CDF9232700119A0086063D;
			productRefGroup = C7CDF92D2700119A0086063D /* Products */;
			projectDirPath = "";
			projectRoot = "";
			targets = (
				C7CDF92B2700119A0086063D /* CryptoApp */,
			);
		};
/* End PBXProject section */

/* Begin PBXResourcesBuildPhase section */
		C7CDF92A2700119A0086063D /* Resources */ = {
			isa = PBXResourcesBuildPhase;
			buildActionMask = 2147483647;
			files = (
				C7CDF9372700119D0086063D /* Preview Assets.xcassets in Resources */,
				C7CDF9342700119D0086063D /* Assets.xcassets in Resources */,
			);
			runOnlyForDeploymentPostprocessing = 0;
		};
/* End PBXResourcesBuildPhase section */

/* Begin PBXSourcesBuildPhase section */
		C7CDF9282700119A0086063D /* Sources */ = {
			isa = PBXSourcesBuildPhase;
			buildActionMask = 2147483647;
			files = (
				C7CDF97D2702C5150086063D /* UIApplication.swift in Sources */,
				C7CDF988270404940086063D /* MarketDataService.swift in Sources */,
				C7CDF95F2701244B0086063D /* CoinRowLeftColumn.swift in Sources */,
				C7CDF9562700F4E20086063D /* Coin.swift in Sources */,
				C7CDF9612701245B0086063D /* CoinRowCenterColumn.swift in Sources */,
				C7CDF97727017DAD0086063D /* CoinImageViewModel.swift in Sources */,
				C7CDF9652701298C0086063D /* HomeViewModel.swift in Sources */,
				C7CDF9822702D7D50086063D /* StatisticView.swift in Sources */,
				C7CDF9322700119A0086063D /* ContentView.swift in Sources */,
				C7CDF96B270130A30086063D /* ListColumnHeaders.swift in Sources */,
				C7CDF971270172500086063D /* NetworkingManager.swift in Sources */,
				C7CDF958270110E60086063D /* CoinRowView.swift in Sources */,
				C7CDF945270024D80086063D /* Themes.swift in Sources */,
				C7CDF96E270169290086063D /* CoinDataService.swift in Sources */,
				C7CDF973270179E20086063D /* CoinImage.swift in Sources */,
				C7CDF9302700119A0086063D /* CryptoAppApp.swift in Sources */,
				C7CDF9802702D66D0086063D /* Statistics.swift in Sources */,
				C7CDF94E27002FD00086063D /* CircleButton.swift in Sources */,
				C7CDF95A2701120E0086063D /* PreviewProvider.swift in Sources */,
				C7CDF9632701246A0086063D /* CoinRowRightColumn.swift in Sources */,
				C7CDF94B27002CC70086063D /* HomeView.swift in Sources */,
				C7CDF9522700367C0086063D /* HomeHeader.swift in Sources */,
				C7CDF93F270021590086063D /* Color.swift in Sources */,
				C7CDF95C270118050086063D /* Double.swift in Sources */,
				C7CDF9862704006E0086063D /* MarketData.swift in Sources */,
				C7CDF950270033850086063D /* CircleButtonAnimation.swift in Sources */,
				C7CDF97527017BC80086063D /* CoinImageDataService.swift in Sources */,
				C7CDF97B2702BF990086063D /* SearchBarView.swift in Sources */,
				C7CDF979270189DB0086063D /* LocalFileManager.swift in Sources */,
				C7CDF96727012E150086063D /* AllCoinsList.swift in Sources */,
				C7CDF96927012EE20086063D /* PortfolioCoinsList.swift in Sources */,
				C7CDF9842702DAE60086063D /* HomeStatsView.swift in Sources */,
			);
			runOnlyForDeploymentPostprocessing = 0;
		};
/* End PBXSourcesBuildPhase section */

/* Begin XCBuildConfiguration section */
		C7CDF9382700119D0086063D /* Debug */ = {
			isa = XCBuildConfiguration;
			buildSettings = {
				ALWAYS_SEARCH_USER_PATHS = NO;
				CLANG_ANALYZER_NONNULL = YES;
				CLANG_ANALYZER_NUMBER_OBJECT_CONVERSION = YES_AGGRESSIVE;
				CLANG_CXX_LANGUAGE_STANDARD = "gnu++17";
				CLANG_CXX_LIBRARY = "libc++";
				CLANG_ENABLE_MODULES = YES;
				CLANG_ENABLE_OBJC_ARC = YES;
				CLANG_ENABLE_OBJC_WEAK = YES;
				CLANG_WARN_BLOCK_CAPTURE_AUTORELEASING = YES;
				CLANG_WARN_BOOL_CONVERSION = YES;
				CLANG_WARN_COMMA = YES;
				CLANG_WARN_CONSTANT_CONVERSION = YES;
				CLANG_WARN_DEPRECATED_OBJC_IMPLEMENTATIONS = YES;
				CLANG_WARN_DIRECT_OBJC_ISA_USAGE = YES_ERROR;
				CLANG_WARN_DOCUMENTATION_COMMENTS = YES;
				CLANG_WARN_EMPTY_BODY = YES;
				CLANG_WARN_ENUM_CONVERSION = YES;
				CLANG_WARN_INFINITE_RECURSION = YES;
				CLANG_WARN_INT_CONVERSION = YES;
				CLANG_WARN_NON_LITERAL_NULL_CONVERSION = YES;
				CLANG_WARN_OBJC_IMPLICIT_RETAIN_SELF = YES;
				CLANG_WARN_OBJC_LITERAL_CONVERSION = YES;
				CLANG_WARN_OBJC_ROOT_CLASS = YES_ERROR;
				CLANG_WARN_QUOTED_INCLUDE_IN_FRAMEWORK_HEADER = YES;
				CLANG_WARN_RANGE_LOOP_ANALYSIS = YES;
				CLANG_WARN_STRICT_PROTOTYPES = YES;
				CLANG_WARN_SUSPICIOUS_MOVE = YES;
				CLANG_WARN_UNGUARDED_AVAILABILITY = YES_AGGRESSIVE;
				CLANG_WARN_UNREACHABLE_CODE = YES;
				CLANG_WARN__DUPLICATE_METHOD_MATCH = YES;
				COPY_PHASE_STRIP = NO;
				DEBUG_INFORMATION_FORMAT = dwarf;
				ENABLE_STRICT_OBJC_MSGSEND = YES;
				ENABLE_TESTABILITY = YES;
				GCC_C_LANGUAGE_STANDARD = gnu11;
				GCC_DYNAMIC_NO_PIC = NO;
				GCC_NO_COMMON_BLOCKS = YES;
				GCC_OPTIMIZATION_LEVEL = 0;
				GCC_PREPROCESSOR_DEFINITIONS = (
					"DEBUG=1",
					"$(inherited)",
				);
				GCC_WARN_64_TO_32_BIT_CONVERSION = YES;
				GCC_WARN_ABOUT_RETURN_TYPE = YES_ERROR;
				GCC_WARN_UNDECLARED_SELECTOR = YES;
				GCC_WARN_UNINITIALIZED_AUTOS = YES_AGGRESSIVE;
				GCC_WARN_UNUSED_FUNCTION = YES;
				GCC_WARN_UNUSED_VARIABLE = YES;
				IPHONEOS_DEPLOYMENT_TARGET = 15.0;
				MTL_ENABLE_DEBUG_INFO = INCLUDE_SOURCE;
				MTL_FAST_MATH = YES;
				ONLY_ACTIVE_ARCH = YES;
				SDKROOT = iphoneos;
				SWIFT_ACTIVE_COMPILATION_CONDITIONS = DEBUG;
				SWIFT_OPTIMIZATION_LEVEL = "-Onone";
			};
			name = Debug;
		};
		C7CDF9392700119D0086063D /* Release */ = {
			isa = XCBuildConfiguration;
			buildSettings = {
				ALWAYS_SEARCH_USER_PATHS = NO;
				CLANG_ANALYZER_NONNULL = YES;
				CLANG_ANALYZER_NUMBER_OBJECT_CONVERSION = YES_AGGRESSIVE;
				CLANG_CXX_LANGUAGE_STANDARD = "gnu++17";
				CLANG_CXX_LIBRARY = "libc++";
				CLANG_ENABLE_MODULES = YES;
				CLANG_ENABLE_OBJC_ARC = YES;
				CLANG_ENABLE_OBJC_WEAK = YES;
				CLANG_WARN_BLOCK_CAPTURE_AUTORELEASING = YES;
				CLANG_WARN_BOOL_CONVERSION = YES;
				CLANG_WARN_COMMA = YES;
				CLANG_WARN_CONSTANT_CONVERSION = YES;
				CLANG_WARN_DEPRECATED_OBJC_IMPLEMENTATIONS = YES;
				CLANG_WARN_DIRECT_OBJC_ISA_USAGE = YES_ERROR;
				CLANG_WARN_DOCUMENTATION_COMMENTS = YES;
				CLANG_WARN_EMPTY_BODY = YES;
				CLANG_WARN_ENUM_CONVERSION = YES;
				CLANG_WARN_INFINITE_RECURSION = YES;
				CLANG_WARN_INT_CONVERSION = YES;
				CLANG_WARN_NON_LITERAL_NULL_CONVERSION = YES;
				CLANG_WARN_OBJC_IMPLICIT_RETAIN_SELF = YES;
				CLANG_WARN_OBJC_LITERAL_CONVERSION = YES;
				CLANG_WARN_OBJC_ROOT_CLASS = YES_ERROR;
				CLANG_WARN_QUOTED_INCLUDE_IN_FRAMEWORK_HEADER = YES;
				CLANG_WARN_RANGE_LOOP_ANALYSIS = YES;
				CLANG_WARN_STRICT_PROTOTYPES = YES;
				CLANG_WARN_SUSPICIOUS_MOVE = YES;
				CLANG_WARN_UNGUARDED_AVAILABILITY = YES_AGGRESSIVE;
				CLANG_WARN_UNREACHABLE_CODE = YES;
				CLANG_WARN__DUPLICATE_METHOD_MATCH = YES;
				COPY_PHASE_STRIP = NO;
				DEBUG_INFORMATION_FORMAT = "dwarf-with-dsym";
				ENABLE_NS_ASSERTIONS = NO;
				ENABLE_STRICT_OBJC_MSGSEND = YES;
				GCC_C_LANGUAGE_STANDARD = gnu11;
				GCC_NO_COMMON_BLOCKS = YES;
				GCC_WARN_64_TO_32_BIT_CONVERSION = YES;
				GCC_WARN_ABOUT_RETURN_TYPE = YES_ERROR;
				GCC_WARN_UNDECLARED_SELECTOR = YES;
				GCC_WARN_UNINITIALIZED_AUTOS = YES_AGGRESSIVE;
				GCC_WARN_UNUSED_FUNCTION = YES;
				GCC_WARN_UNUSED_VARIABLE = YES;
				IPHONEOS_DEPLOYMENT_TARGET = 15.0;
				MTL_ENABLE_DEBUG_INFO = NO;
				MTL_FAST_MATH = YES;
				SDKROOT = iphoneos;
				SWIFT_COMPILATION_MODE = wholemodule;
				SWIFT_OPTIMIZATION_LEVEL = "-O";
				VALIDATE_PRODUCT = YES;
			};
			name = Release;
		};
		C7CDF93B2700119D0086063D /* Debug */ = {
			isa = XCBuildConfiguration;
			buildSettings = {
				ASSETCATALOG_COMPILER_APPICON_NAME = AppIcon;
				ASSETCATALOG_COMPILER_GLOBAL_ACCENT_COLOR_NAME = AccentColor;
				CODE_SIGN_STYLE = Automatic;
				CURRENT_PROJECT_VERSION = 1;
				DEVELOPMENT_ASSET_PATHS = "\"CryptoApp/Preview Content\"";
				DEVELOPMENT_TEAM = VD8R79VPP9;
				ENABLE_PREVIEWS = YES;
				GENERATE_INFOPLIST_FILE = YES;
				INFOPLIST_KEY_UIApplicationSceneManifest_Generation = YES;
				INFOPLIST_KEY_UIApplicationSupportsIndirectInputEvents = YES;
				INFOPLIST_KEY_UILaunchScreen_Generation = YES;
				INFOPLIST_KEY_UISupportedInterfaceOrientations_iPad = "UIInterfaceOrientationPortrait UIInterfaceOrientationPortraitUpsideDown UIInterfaceOrientationLandscapeLeft UIInterfaceOrientationLandscapeRight";
				INFOPLIST_KEY_UISupportedInterfaceOrientations_iPhone = "UIInterfaceOrientationPortrait UIInterfaceOrientationLandscapeLeft UIInterfaceOrientationLandscapeRight";
				IPHONEOS_DEPLOYMENT_TARGET = 14.0;
				LD_RUNPATH_SEARCH_PATHS = (
					"$(inherited)",
					"@executable_path/Frameworks",
				);
				MARKETING_VERSION = 1.0;
				PRODUCT_BUNDLE_IDENTIFIER = com.eventuallygames.CryptoApp;
				PRODUCT_NAME = "Crypto Tracker";
				SWIFT_EMIT_LOC_STRINGS = YES;
				SWIFT_VERSION = 5.0;
				TARGETED_DEVICE_FAMILY = "1,2";
			};
			name = Debug;
		};
		C7CDF93C2700119D0086063D /* Release */ = {
			isa = XCBuildConfiguration;
			buildSettings = {
				ASSETCATALOG_COMPILER_APPICON_NAME = AppIcon;
				ASSETCATALOG_COMPILER_GLOBAL_ACCENT_COLOR_NAME = AccentColor;
				CODE_SIGN_STYLE = Automatic;
				CURRENT_PROJECT_VERSION = 1;
				DEVELOPMENT_ASSET_PATHS = "\"CryptoApp/Preview Content\"";
				DEVELOPMENT_TEAM = VD8R79VPP9;
				ENABLE_PREVIEWS = YES;
				GENERATE_INFOPLIST_FILE = YES;
				INFOPLIST_KEY_UIApplicationSceneManifest_Generation = YES;
				INFOPLIST_KEY_UIApplicationSupportsIndirectInputEvents = YES;
				INFOPLIST_KEY_UILaunchScreen_Generation = YES;
				INFOPLIST_KEY_UISupportedInterfaceOrientations_iPad = "UIInterfaceOrientationPortrait UIInterfaceOrientationPortraitUpsideDown UIInterfaceOrientationLandscapeLeft UIInterfaceOrientationLandscapeRight";
				INFOPLIST_KEY_UISupportedInterfaceOrientations_iPhone = "UIInterfaceOrientationPortrait UIInterfaceOrientationLandscapeLeft UIInterfaceOrientationLandscapeRight";
				IPHONEOS_DEPLOYMENT_TARGET = 14.0;
				LD_RUNPATH_SEARCH_PATHS = (
					"$(inherited)",
					"@executable_path/Frameworks",
				);
				MARKETING_VERSION = 1.0;
				PRODUCT_BUNDLE_IDENTIFIER = com.eventuallygames.CryptoApp;
				PRODUCT_NAME = "Crypto Tracker";
				SWIFT_EMIT_LOC_STRINGS = YES;
				SWIFT_VERSION = 5.0;
				TARGETED_DEVICE_FAMILY = "1,2";
			};
			name = Release;
		};
/* End XCBuildConfiguration section */

/* Begin XCConfigurationList section */
		C7CDF9272700119A0086063D /* Build configuration list for PBXProject "CryptoApp" */ = {
			isa = XCConfigurationList;
			buildConfigurations = (
				C7CDF9382700119D0086063D /* Debug */,
				C7CDF9392700119D0086063D /* Release */,
			);
			defaultConfigurationIsVisible = 0;
			defaultConfigurationName = Release;
		};
		C7CDF93A2700119D0086063D /* Build configuration list for PBXNativeTarget "CryptoApp" */ = {
			isa = XCConfigurationList;
			buildConfigurations = (
				C7CDF93B2700119D0086063D /* Debug */,
				C7CDF93C2700119D0086063D /* Release */,
			);
			defaultConfigurationIsVisible = 0;
			defaultConfigurationName = Release;
		};
/* End XCConfigurationList section */
	};
	rootObject = C7CDF9242700119A0086063D /* Project object */;
}
